
Microsoft Visual Studio Solution File, Format Version 12.00
# Visual Studio Version 16
VisualStudioVersion = 16.0.29613.14
MinimumVisualStudioVersion = 10.0.40219.1
Project("{FAE04EC0-301F-11D3-BF4B-00C04F79EFBC}") = "IfTestApp", "IfTestApp\IfTestApp.csproj", "{B4006CFB-5666-45B9-A38F-8321AC73287D}"
EndProject
Global
	GlobalSection(SolutionConfigurationPlatforms) = preSolution
		Debug|Any CPU = Debug|Any CPU
		Release|Any CPU = Release|Any CPU
	EndGlobalSection
	GlobalSection(ProjectConfigurationPlatforms) = postSolution
		{B4006CFB-5666-45B9-A38F-8321AC73287D}.Debug|Any CPU.ActiveCfg = Debug|Any CPU
		{B4006CFB-5666-45B9-A38F-8321AC73287D}.Debug|Any CPU.Build.0 = Debug|Any CPU
		{B4006CFB-5666-45B9-A38F-8321AC73287D}.Release|Any CPU.ActiveCfg = Release|Any CPU
		{B4006CFB-5666-45B9-A38F-8321AC73287D}.Release|Any CPU.Build.0 = Release|Any CPU
	EndGlobalSection
	GlobalSection(SolutionProperties) = preSolution
		HideSolutionNode = FALSE
	EndGlobalSection
	GlobalSection(ExtensibilityGlobals) = postSolution
		SolutionGuid = {7088815D-29D9-4FCD-B191-64816F7E4948}
	EndGlobalSection
EndGlobal
