
Microsoft Visual Studio Solution File, Format Version 12.00
# Visual Studio Version 16
VisualStudioVersion = 16.0.29613.14
MinimumVisualStudioVersion = 10.0.40219.1
Project("{FAE04EC0-301F-11D3-BF4B-00C04F79EFBC}") = "StringConcatenate2", "StringConcatenate2\StringConcatenate2.csproj", "{C2FB8ED7-B735-46EB-998D-D4A1B5AAE0A0}"
EndProject
Project("{FAE04EC0-301F-11D3-BF4B-00C04F79EFBC}") = "RelationalOperator", "RelationalOperator\RelationalOperator.csproj", "{00579CFE-52E6-4FB8-BA4D-328760F3B542}"
EndProject
Project("{FAE04EC0-301F-11D3-BF4B-00C04F79EFBC}") = "LogicalOperator", "LogicalOperator\LogicalOperator.csproj", "{B182E727-82F5-49E6-96AC-D7EDECB30C70}"
EndProject
Project("{FAE04EC0-301F-11D3-BF4B-00C04F79EFBC}") = "StringTest", "StringTest\StringTest.csproj", "{162366DD-3BDA-452B-B796-49B39721D8D5}"
EndProject
Global
	GlobalSection(SolutionConfigurationPlatforms) = preSolution
		Debug|Any CPU = Debug|Any CPU
		Release|Any CPU = Release|Any CPU
	EndGlobalSection
	GlobalSection(ProjectConfigurationPlatforms) = postSolution
		{C2FB8ED7-B735-46EB-998D-D4A1B5AAE0A0}.Debug|Any CPU.ActiveCfg = Debug|Any CPU
		{C2FB8ED7-B735-46EB-998D-D4A1B5AAE0A0}.Debug|Any CPU.Build.0 = Debug|Any CPU
		{C2FB8ED7-B735-46EB-998D-D4A1B5AAE0A0}.Release|Any CPU.ActiveCfg = Release|Any CPU
		{C2FB8ED7-B735-46EB-998D-D4A1B5AAE0A0}.Release|Any CPU.Build.0 = Release|Any CPU
		{00579CFE-52E6-4FB8-BA4D-328760F3B542}.Debug|Any CPU.ActiveCfg = Debug|Any CPU
		{00579CFE-52E6-4FB8-BA4D-328760F3B542}.Debug|Any CPU.Build.0 = Debug|Any CPU
		{00579CFE-52E6-4FB8-BA4D-328760F3B542}.Release|Any CPU.ActiveCfg = Release|Any CPU
		{00579CFE-52E6-4FB8-BA4D-328760F3B542}.Release|Any CPU.Build.0 = Release|Any CPU
		{B182E727-82F5-49E6-96AC-D7EDECB30C70}.Debug|Any CPU.ActiveCfg = Debug|Any CPU
		{B182E727-82F5-49E6-96AC-D7EDECB30C70}.Debug|Any CPU.Build.0 = Debug|Any CPU
		{B182E727-82F5-49E6-96AC-D7EDECB30C70}.Release|Any CPU.ActiveCfg = Release|Any CPU
		{B182E727-82F5-49E6-96AC-D7EDECB30C70}.Release|Any CPU.Build.0 = Release|Any CPU
		{162366DD-3BDA-452B-B796-49B39721D8D5}.Debug|Any CPU.ActiveCfg = Debug|Any CPU
		{162366DD-3BDA-452B-B796-49B39721D8D5}.Debug|Any CPU.Build.0 = Debug|Any CPU
		{162366DD-3BDA-452B-B796-49B39721D8D5}.Release|Any CPU.ActiveCfg = Release|Any CPU
		{162366DD-3BDA-452B-B796-49B39721D8D5}.Release|Any CPU.Build.0 = Release|Any CPU
	EndGlobalSection
	GlobalSection(SolutionProperties) = preSolution
		HideSolutionNode = FALSE
	EndGlobalSection
	GlobalSection(ExtensibilityGlobals) = postSolution
		SolutionGuid = {7D8C6002-1E20-4799-A5E0-085C7BBAB783}
	EndGlobalSection
EndGlobal
