
Microsoft Visual Studio Solution File, Format Version 12.00
# Visual Studio Version 16
VisualStudioVersion = 16.0.29613.14
MinimumVisualStudioVersion = 10.0.40219.1
Project("{FAE04EC0-301F-11D3-BF4B-00C04F79EFBC}") = "ConsoleTest1", "ConsoleTest1\ConsoleTest1.csproj", "{D53EB163-AC4D-467C-A475-9B84D6AFFDE1}"
EndProject
Global
	GlobalSection(SolutionConfigurationPlatforms) = preSolution
		Debug|Any CPU = Debug|Any CPU
		Release|Any CPU = Release|Any CPU
	EndGlobalSection
	GlobalSection(ProjectConfigurationPlatforms) = postSolution
		{D53EB163-AC4D-467C-A475-9B84D6AFFDE1}.Debug|Any CPU.ActiveCfg = Debug|Any CPU
		{D53EB163-AC4D-467C-A475-9B84D6AFFDE1}.Debug|Any CPU.Build.0 = Debug|Any CPU
		{D53EB163-AC4D-467C-A475-9B84D6AFFDE1}.Release|Any CPU.ActiveCfg = Release|Any CPU
		{D53EB163-AC4D-467C-A475-9B84D6AFFDE1}.Release|Any CPU.Build.0 = Release|Any CPU
	EndGlobalSection
	GlobalSection(SolutionProperties) = preSolution
		HideSolutionNode = FALSE
	EndGlobalSection
	GlobalSection(ExtensibilityGlobals) = postSolution
		SolutionGuid = {A8B2DB6B-824A-4F6A-9A9E-26136C2F5BE2}
	EndGlobalSection
EndGlobal
