
Microsoft Visual Studio Solution File, Format Version 12.00
# Visual Studio Version 16
VisualStudioVersion = 16.0.29613.14
MinimumVisualStudioVersion = 10.0.40219.1
Project("{FAE04EC0-301F-11D3-BF4B-00C04F79EFBC}") = "BasicApp", "BasicApp\BasicApp.csproj", "{3846C99B-435A-4B19-AD65-E118D9D0241B}"
EndProject
Global
	GlobalSection(SolutionConfigurationPlatforms) = preSolution
		Debug|Any CPU = Debug|Any CPU
		Release|Any CPU = Release|Any CPU
	EndGlobalSection
	GlobalSection(ProjectConfigurationPlatforms) = postSolution
		{3846C99B-435A-4B19-AD65-E118D9D0241B}.Debug|Any CPU.ActiveCfg = Debug|Any CPU
		{3846C99B-435A-4B19-AD65-E118D9D0241B}.Debug|Any CPU.Build.0 = Debug|Any CPU
		{3846C99B-435A-4B19-AD65-E118D9D0241B}.Release|Any CPU.ActiveCfg = Release|Any CPU
		{3846C99B-435A-4B19-AD65-E118D9D0241B}.Release|Any CPU.Build.0 = Release|Any CPU
	EndGlobalSection
	GlobalSection(SolutionProperties) = preSolution
		HideSolutionNode = FALSE
	EndGlobalSection
	GlobalSection(ExtensibilityGlobals) = postSolution
		SolutionGuid = {CAC86045-2091-49F6-AEED-B0D1982F7D28}
	EndGlobalSection
EndGlobal
